
Microsoft Visual Studio Solution File, Format Version 12.00
# Visual Studio Version 17
VisualStudioVersion = 17.3.32819.101
MinimumVisualStudioVersion = 10.0.40219.1
Project("{FAE04EC0-301F-11D3-BF4B-00C04F79EFBC}") = "Samåkning", "Samåkning.csproj", "{474EF72F-89AF-4772-84BD-918E8168A91D}"
EndProject
Global
	GlobalSection(SolutionConfigurationPlatforms) = preSolution
		Debug|Any CPU = Debug|Any CPU
		Release|Any CPU = Release|Any CPU
	EndGlobalSection
	GlobalSection(ProjectConfigurationPlatforms) = postSolution
		{474EF72F-89AF-4772-84BD-918E8168A91D}.Debug|Any CPU.ActiveCfg = Debug|Any CPU
		{474EF72F-89AF-4772-84BD-918E8168A91D}.Debug|Any CPU.Build.0 = Debug|Any CPU
		{474EF72F-89AF-4772-84BD-918E8168A91D}.Release|Any CPU.ActiveCfg = Release|Any CPU
		{474EF72F-89AF-4772-84BD-918E8168A91D}.Release|Any CPU.Build.0 = Release|Any CPU
	EndGlobalSection
	GlobalSection(SolutionProperties) = preSolution
		HideSolutionNode = FALSE
	EndGlobalSection
	GlobalSection(ExtensibilityGlobals) = postSolution
		SolutionGuid = {34198AFC-34BE-407C-AB77-E71D317F3033}
	EndGlobalSection
EndGlobal
